// !$*UTF8*$!
{
	archiveVersion = 1;
	classes = {
	};
	objectVersion = 56;
	objects = {

/* Begin PBXBuildFile section */
		041290192BFE33060009F139 /* PostModel+Realm.swift in Sources */ = {isa = PBXBuildFile; fileRef = 041290182BFE33060009F139 /* PostModel+Realm.swift */; };
		0412901C2BFE332D0009F139 /* RealmSwift in Frameworks */ = {isa = PBXBuildFile; productRef = 0412901B2BFE332D0009F139 /* RealmSwift */; };
		0412901E2BFE332D0009F139 /* RealmSwift in Embed Frameworks */ = {isa = PBXBuildFile; productRef = 0412901B2BFE332D0009F139 /* RealmSwift */; settings = {ATTRIBUTES = (CodeSignOnCopy, ); }; };
		041290202BFE34060009F139 /* RealmManager.swift in Sources */ = {isa = PBXBuildFile; fileRef = 0412901F2BFE34060009F139 /* RealmManager.swift */; };
		041F3ED72BFC8D3E00639E25 /* Post.swift in Sources */ = {isa = PBXBuildFile; fileRef = 041F3ED62BFC8D3E00639E25 /* Post.swift */; };
		041F3EDA2BFC8EE300639E25 /* ImageView.swift in Sources */ = {isa = PBXBuildFile; fileRef = 041F3ED92BFC8EE300639E25 /* ImageView.swift */; };
		041F3EDC2BFC912B00639E25 /* PostsList.swift in Sources */ = {isa = PBXBuildFile; fileRef = 041F3EDB2BFC912B00639E25 /* PostsList.swift */; };
		041F3EDE2BFC95DA00639E25 /* Rating.swift in Sources */ = {isa = PBXBuildFile; fileRef = 041F3EDD2BFC95DA00639E25 /* Rating.swift */; };
		042D2CF02BFBE61500B44346 /* TMS_IOS_LESSON_44_HWApp.swift in Sources */ = {isa = PBXBuildFile; fileRef = 042D2CEF2BFBE61500B44346 /* TMS_IOS_LESSON_44_HWApp.swift */; };
		042D2CF22BFBE61500B44346 /* ContentView.swift in Sources */ = {isa = PBXBuildFile; fileRef = 042D2CF12BFBE61500B44346 /* ContentView.swift */; };
		042D2CF42BFBE61700B44346 /* Assets.xcassets in Resources */ = {isa = PBXBuildFile; fileRef = 042D2CF32BFBE61700B44346 /* Assets.xcassets */; };
		042D2CF72BFBE61700B44346 /* Preview Assets.xcassets in Resources */ = {isa = PBXBuildFile; fileRef = 042D2CF62BFBE61700B44346 /* Preview Assets.xcassets */; };
		0443115B2BFC86D800E773F8 /* PostsViewModel.swift in Sources */ = {isa = PBXBuildFile; fileRef = 0443115A2BFC86D800E773F8 /* PostsViewModel.swift */; };
		0443115D2BFC898A00E773F8 /* PostModel.swift in Sources */ = {isa = PBXBuildFile; fileRef = 0443115C2BFC898A00E773F8 /* PostModel.swift */; };
		0445976A2BFDFC4C002B3CF9 /* db.json in Resources */ = {isa = PBXBuildFile; fileRef = 044597692BFDFC4C002B3CF9 /* db.json */; };
		047F14882BFE5599008A9172 /* Realm in Embed Frameworks */ = {isa = PBXBuildFile; productRef = 047F14862BFE5599008A9172 /* Realm */; settings = {ATTRIBUTES = (CodeSignOnCopy, ); }; };
		04A97A242BFCC4C5005391F4 /* RemoteImage+cache.swift in Sources */ = {isa = PBXBuildFile; fileRef = 04A97A232BFCC4C5005391F4 /* RemoteImage+cache.swift */; };
		04A97A262BFCC840005391F4 /* ImageLoaderViewModel.swift in Sources */ = {isa = PBXBuildFile; fileRef = 04A97A252BFCC840005391F4 /* ImageLoaderViewModel.swift */; };
		04A97A292BFCC8BB005391F4 /* ImageCache.swift in Sources */ = {isa = PBXBuildFile; fileRef = 04A97A282BFCC8BB005391F4 /* ImageCache.swift */; };
		04A97A2B2BFCCE61005391F4 /* API.swift in Sources */ = {isa = PBXBuildFile; fileRef = 04A97A2A2BFCCE61005391F4 /* API.swift */; };
		04A97A2D2BFCD053005391F4 /* AlertViewModel.swift in Sources */ = {isa = PBXBuildFile; fileRef = 04A97A2C2BFCD053005391F4 /* AlertViewModel.swift */; };
/* End PBXBuildFile section */

/* Begin PBXCopyFilesBuildPhase section */
		0412901D2BFE332D0009F139 /* Embed Frameworks */ = {
			isa = PBXCopyFilesBuildPhase;
			buildActionMask = 2147483647;
			dstPath = "";
			dstSubfolderSpec = 10;
			files = (
				047F14882BFE5599008A9172 /* Realm in Embed Frameworks */,
				0412901E2BFE332D0009F139 /* RealmSwift in Embed Frameworks */,
			);
			name = "Embed Frameworks";
			runOnlyForDeploymentPostprocessing = 0;
		};
/* End PBXCopyFilesBuildPhase section */

/* Begin PBXFileReference section */
		041290182BFE33060009F139 /* PostModel+Realm.swift */ = {isa = PBXFileReference; lastKnownFileType = sourcecode.swift; path = "PostModel+Realm.swift"; sourceTree = "<group>"; };
		0412901F2BFE34060009F139 /* RealmManager.swift */ = {isa = PBXFileReference; lastKnownFileType = sourcecode.swift; path = RealmManager.swift; sourceTree = "<group>"; };
		041F3ED62BFC8D3E00639E25 /* Post.swift */ = {isa = PBXFileReference; lastKnownFileType = sourcecode.swift; path = Post.swift; sourceTree = "<group>"; };
		041F3ED92BFC8EE300639E25 /* ImageView.swift */ = {isa = PBXFileReference; lastKnownFileType = sourcecode.swift; path = ImageView.swift; sourceTree = "<group>"; };
		041F3EDB2BFC912B00639E25 /* PostsList.swift */ = {isa = PBXFileReference; lastKnownFileType = sourcecode.swift; path = PostsList.swift; sourceTree = "<group>"; };
		041F3EDD2BFC95DA00639E25 /* Rating.swift */ = {isa = PBXFileReference; lastKnownFileType = sourcecode.swift; path = Rating.swift; sourceTree = "<group>"; };
		042D2CEC2BFBE61500B44346 /* TMS-IOS-LESSON-44-HW.app */ = {isa = PBXFileReference; explicitFileType = wrapper.application; includeInIndex = 0; path = "TMS-IOS-LESSON-44-HW.app"; sourceTree = BUILT_PRODUCTS_DIR; };
		042D2CEF2BFBE61500B44346 /* TMS_IOS_LESSON_44_HWApp.swift */ = {isa = PBXFileReference; lastKnownFileType = sourcecode.swift; path = TMS_IOS_LESSON_44_HWApp.swift; sourceTree = "<group>"; };
		042D2CF12BFBE61500B44346 /* ContentView.swift */ = {isa = PBXFileReference; lastKnownFileType = sourcecode.swift; path = ContentView.swift; sourceTree = "<group>"; };
		042D2CF32BFBE61700B44346 /* Assets.xcassets */ = {isa = PBXFileReference; lastKnownFileType = folder.assetcatalog; path = Assets.xcassets; sourceTree = "<group>"; };
		042D2CF62BFBE61700B44346 /* Preview Assets.xcassets */ = {isa = PBXFileReference; lastKnownFileType = folder.assetcatalog; path = "Preview Assets.xcassets"; sourceTree = "<group>"; };
		0443115A2BFC86D800E773F8 /* PostsViewModel.swift */ = {isa = PBXFileReference; lastKnownFileType = sourcecode.swift; path = PostsViewModel.swift; sourceTree = "<group>"; };
		0443115C2BFC898A00E773F8 /* PostModel.swift */ = {isa = PBXFileReference; lastKnownFileType = sourcecode.swift; path = PostModel.swift; sourceTree = "<group>"; };
		044597692BFDFC4C002B3CF9 /* db.json */ = {isa = PBXFileReference; fileEncoding = 4; lastKnownFileType = text.json; path = db.json; sourceTree = "<group>"; };
		04A97A232BFCC4C5005391F4 /* RemoteImage+cache.swift */ = {isa = PBXFileReference; lastKnownFileType = sourcecode.swift; path = "RemoteImage+cache.swift"; sourceTree = "<group>"; };
		04A97A252BFCC840005391F4 /* ImageLoaderViewModel.swift */ = {isa = PBXFileReference; lastKnownFileType = sourcecode.swift; path = ImageLoaderViewModel.swift; sourceTree = "<group>"; };
		04A97A282BFCC8BB005391F4 /* ImageCache.swift */ = {isa = PBXFileReference; lastKnownFileType = sourcecode.swift; path = ImageCache.swift; sourceTree = "<group>"; };
		04A97A2A2BFCCE61005391F4 /* API.swift */ = {isa = PBXFileReference; lastKnownFileType = sourcecode.swift; path = API.swift; sourceTree = "<group>"; };
		04A97A2C2BFCD053005391F4 /* AlertViewModel.swift */ = {isa = PBXFileReference; lastKnownFileType = sourcecode.swift; path = AlertViewModel.swift; sourceTree = "<group>"; };
/* End PBXFileReference section */

/* Begin PBXFrameworksBuildPhase section */
		042D2CE92BFBE61500B44346 /* Frameworks */ = {
			isa = PBXFrameworksBuildPhase;
			buildActionMask = 2147483647;
			files = (
				0412901C2BFE332D0009F139 /* RealmSwift in Frameworks */,
			);
			runOnlyForDeploymentPostprocessing = 0;
		};
/* End PBXFrameworksBuildPhase section */

/* Begin PBXGroup section */
		0412901A2BFE332D0009F139 /* Frameworks */ = {
			isa = PBXGroup;
			children = (
			);
			name = Frameworks;
			sourceTree = "<group>";
		};
		041F3ED82BFC8ED500639E25 /* Components */ = {
			isa = PBXGroup;
			children = (
				04A97A232BFCC4C5005391F4 /* RemoteImage+cache.swift */,
				041F3EDD2BFC95DA00639E25 /* Rating.swift */,
				041F3ED92BFC8EE300639E25 /* ImageView.swift */,
			);
			path = Components;
			sourceTree = "<group>";
		};
		042D2CE32BFBE61500B44346 = {
			isa = PBXGroup;
			children = (
				042D2CEE2BFBE61500B44346 /* TMS-IOS-LESSON-44-HW */,
				042D2CED2BFBE61500B44346 /* Products */,
				0412901A2BFE332D0009F139 /* Frameworks */,
			);
			sourceTree = "<group>";
		};
		042D2CED2BFBE61500B44346 /* Products */ = {
			isa = PBXGroup;
			children = (
				042D2CEC2BFBE61500B44346 /* TMS-IOS-LESSON-44-HW.app */,
			);
			name = Products;
			sourceTree = "<group>";
		};
		042D2CEE2BFBE61500B44346 /* TMS-IOS-LESSON-44-HW */ = {
			isa = PBXGroup;
			children = (
				042D2CF52BFBE61700B44346 /* Preview Content */,
				044597682BFDFB44002B3CF9 /* db */,
				04A97A272BFCC8A0005391F4 /* Services */,
				041F3ED82BFC8ED500639E25 /* Components */,
				042D2D002BFBE91400B44346 /* App */,
				042D2CFF2BFBE90500B44346 /* Models */,
				042D2CFE2BFBE8FE00B44346 /* ViewModels */,
				042D2CFD2BFBE8E900B44346 /* Views */,
			);
			path = "TMS-IOS-LESSON-44-HW";
			sourceTree = "<group>";
		};
		042D2CF52BFBE61700B44346 /* Preview Content */ = {
			isa = PBXGroup;
			children = (
				042D2CF62BFBE61700B44346 /* Preview Assets.xcassets */,
			);
			path = "Preview Content";
			sourceTree = "<group>";
		};
		042D2CFD2BFBE8E900B44346 /* Views */ = {
			isa = PBXGroup;
			children = (
				042D2CF12BFBE61500B44346 /* ContentView.swift */,
				041F3EDB2BFC912B00639E25 /* PostsList.swift */,
				041F3ED62BFC8D3E00639E25 /* Post.swift */,
			);
			path = Views;
			sourceTree = "<group>";
		};
		042D2CFE2BFBE8FE00B44346 /* ViewModels */ = {
			isa = PBXGroup;
			children = (
				04A97A252BFCC840005391F4 /* ImageLoaderViewModel.swift */,
				0443115A2BFC86D800E773F8 /* PostsViewModel.swift */,
				04A97A2C2BFCD053005391F4 /* AlertViewModel.swift */,
			);
			path = ViewModels;
			sourceTree = "<group>";
		};
		042D2CFF2BFBE90500B44346 /* Models */ = {
			isa = PBXGroup;
			children = (
				0443115C2BFC898A00E773F8 /* PostModel.swift */,
				041290182BFE33060009F139 /* PostModel+Realm.swift */,
			);
			path = Models;
			sourceTree = "<group>";
		};
		042D2D002BFBE91400B44346 /* App */ = {
			isa = PBXGroup;
			children = (
				042D2CF32BFBE61700B44346 /* Assets.xcassets */,
				042D2CEF2BFBE61500B44346 /* TMS_IOS_LESSON_44_HWApp.swift */,
			);
			path = App;
			sourceTree = "<group>";
		};
		044597682BFDFB44002B3CF9 /* db */ = {
			isa = PBXGroup;
			children = (
				044597692BFDFC4C002B3CF9 /* db.json */,
			);
			path = db;
			sourceTree = "<group>";
		};
		04A97A272BFCC8A0005391F4 /* Services */ = {
			isa = PBXGroup;
			children = (
				04A97A282BFCC8BB005391F4 /* ImageCache.swift */,
				04A97A2A2BFCCE61005391F4 /* API.swift */,
				0412901F2BFE34060009F139 /* RealmManager.swift */,
			);
			path = Services;
			sourceTree = "<group>";
		};
/* End PBXGroup section */

/* Begin PBXNativeTarget section */
		042D2CEB2BFBE61500B44346 /* TMS-IOS-LESSON-44-HW */ = {
			isa = PBXNativeTarget;
			buildConfigurationList = 042D2CFA2BFBE61700B44346 /* Build configuration list for PBXNativeTarget "TMS-IOS-LESSON-44-HW" */;
			buildPhases = (
				042D2CE82BFBE61500B44346 /* Sources */,
				042D2CE92BFBE61500B44346 /* Frameworks */,
				042D2CEA2BFBE61500B44346 /* Resources */,
				0412901D2BFE332D0009F139 /* Embed Frameworks */,
			);
			buildRules = (
			);
			dependencies = (
			);
			name = "TMS-IOS-LESSON-44-HW";
			packageProductDependencies = (
				0412901B2BFE332D0009F139 /* RealmSwift */,
				047F14862BFE5599008A9172 /* Realm */,
			);
			productName = "TMS-IOS-LESSON-44-HW";
			productReference = 042D2CEC2BFBE61500B44346 /* TMS-IOS-LESSON-44-HW.app */;
			productType = "com.apple.product-type.application";
		};
/* End PBXNativeTarget section */

/* Begin PBXProject section */
		042D2CE42BFBE61500B44346 /* Project object */ = {
			isa = PBXProject;
			attributes = {
				BuildIndependentTargetsInParallel = 1;
				LastSwiftUpdateCheck = 1500;
				LastUpgradeCheck = 1500;
				TargetAttributes = {
					042D2CEB2BFBE61500B44346 = {
						CreatedOnToolsVersion = 15.0.1;
					};
				};
			};
			buildConfigurationList = 042D2CE72BFBE61500B44346 /* Build configuration list for PBXProject "TMS-IOS-LESSON-44-HW" */;
			compatibilityVersion = "Xcode 14.0";
			developmentRegion = en;
			hasScannedForEncodings = 0;
			knownRegions = (
				en,
				Base,
			);
			mainGroup = 042D2CE32BFBE61500B44346;
			packageReferences = (
				041290132BFE2FDA0009F139 /* XCRemoteSwiftPackageReference "realm-swift" */,
			);
			productRefGroup = 042D2CED2BFBE61500B44346 /* Products */;
			projectDirPath = "";
			projectRoot = "";
			targets = (
				042D2CEB2BFBE61500B44346 /* TMS-IOS-LESSON-44-HW */,
			);
		};
/* End PBXProject section */

/* Begin PBXResourcesBuildPhase section */
		042D2CEA2BFBE61500B44346 /* Resources */ = {
			isa = PBXResourcesBuildPhase;
			buildActionMask = 2147483647;
			files = (
				0445976A2BFDFC4C002B3CF9 /* db.json in Resources */,
				042D2CF72BFBE61700B44346 /* Preview Assets.xcassets in Resources */,
				042D2CF42BFBE61700B44346 /* Assets.xcassets in Resources */,
			);
			runOnlyForDeploymentPostprocessing = 0;
		};
/* End PBXResourcesBuildPhase section */

/* Begin PBXSourcesBuildPhase section */
		042D2CE82BFBE61500B44346 /* Sources */ = {
			isa = PBXSourcesBuildPhase;
			buildActionMask = 2147483647;
			files = (
				04A97A262BFCC840005391F4 /* ImageLoaderViewModel.swift in Sources */,
				042D2CF22BFBE61500B44346 /* ContentView.swift in Sources */,
				041F3EDA2BFC8EE300639E25 /* ImageView.swift in Sources */,
				041290192BFE33060009F139 /* PostModel+Realm.swift in Sources */,
				041290202BFE34060009F139 /* RealmManager.swift in Sources */,
				04A97A2D2BFCD053005391F4 /* AlertViewModel.swift in Sources */,
				0443115B2BFC86D800E773F8 /* PostsViewModel.swift in Sources */,
				042D2CF02BFBE61500B44346 /* TMS_IOS_LESSON_44_HWApp.swift in Sources */,
				041F3EDE2BFC95DA00639E25 /* Rating.swift in Sources */,
				04A97A292BFCC8BB005391F4 /* ImageCache.swift in Sources */,
				041F3EDC2BFC912B00639E25 /* PostsList.swift in Sources */,
				04A97A2B2BFCCE61005391F4 /* API.swift in Sources */,
				0443115D2BFC898A00E773F8 /* PostModel.swift in Sources */,
				041F3ED72BFC8D3E00639E25 /* Post.swift in Sources */,
				04A97A242BFCC4C5005391F4 /* RemoteImage+cache.swift in Sources */,
			);
			runOnlyForDeploymentPostprocessing = 0;
		};
/* End PBXSourcesBuildPhase section */

/* Begin XCBuildConfiguration section */
		042D2CF82BFBE61700B44346 /* Debug */ = {
			isa = XCBuildConfiguration;
			buildSettings = {
				ALWAYS_SEARCH_USER_PATHS = NO;
				ASSETCATALOG_COMPILER_GENERATE_SWIFT_ASSET_SYMBOL_EXTENSIONS = YES;
				CLANG_ANALYZER_NONNULL = YES;
				CLANG_ANALYZER_NUMBER_OBJECT_CONVERSION = YES_AGGRESSIVE;
				CLANG_CXX_LANGUAGE_STANDARD = "gnu++20";
				CLANG_ENABLE_MODULES = YES;
				CLANG_ENABLE_OBJC_ARC = YES;
				CLANG_ENABLE_OBJC_WEAK = YES;
				CLANG_WARN_BLOCK_CAPTURE_AUTORELEASING = YES;
				CLANG_WARN_BOOL_CONVERSION = YES;
				CLANG_WARN_COMMA = YES;
				CLANG_WARN_CONSTANT_CONVERSION = YES;
				CLANG_WARN_DEPRECATED_OBJC_IMPLEMENTATIONS = YES;
				CLANG_WARN_DIRECT_OBJC_ISA_USAGE = YES_ERROR;
				CLANG_WARN_DOCUMENTATION_COMMENTS = YES;
				CLANG_WARN_EMPTY_BODY = YES;
				CLANG_WARN_ENUM_CONVERSION = YES;
				CLANG_WARN_INFINITE_RECURSION = YES;
				CLANG_WARN_INT_CONVERSION = YES;
				CLANG_WARN_NON_LITERAL_NULL_CONVERSION = YES;
				CLANG_WARN_OBJC_IMPLICIT_RETAIN_SELF = YES;
				CLANG_WARN_OBJC_LITERAL_CONVERSION = YES;
				CLANG_WARN_OBJC_ROOT_CLASS = YES_ERROR;
				CLANG_WARN_QUOTED_INCLUDE_IN_FRAMEWORK_HEADER = YES;
				CLANG_WARN_RANGE_LOOP_ANALYSIS = YES;
				CLANG_WARN_STRICT_PROTOTYPES = YES;
				CLANG_WARN_SUSPICIOUS_MOVE = YES;
				CLANG_WARN_UNGUARDED_AVAILABILITY = YES_AGGRESSIVE;
				CLANG_WARN_UNREACHABLE_CODE = YES;
				CLANG_WARN__DUPLICATE_METHOD_MATCH = YES;
				COPY_PHASE_STRIP = NO;
				DEBUG_INFORMATION_FORMAT = dwarf;
				ENABLE_STRICT_OBJC_MSGSEND = YES;
				ENABLE_TESTABILITY = YES;
				ENABLE_USER_SCRIPT_SANDBOXING = YES;
				GCC_C_LANGUAGE_STANDARD = gnu17;
				GCC_DYNAMIC_NO_PIC = NO;
				GCC_NO_COMMON_BLOCKS = YES;
				GCC_OPTIMIZATION_LEVEL = 0;
				GCC_PREPROCESSOR_DEFINITIONS = (
					"DEBUG=1",
					"$(inherited)",
				);
				GCC_WARN_64_TO_32_BIT_CONVERSION = YES;
				GCC_WARN_ABOUT_RETURN_TYPE = YES_ERROR;
				GCC_WARN_UNDECLARED_SELECTOR = YES;
				GCC_WARN_UNINITIALIZED_AUTOS = YES_AGGRESSIVE;
				GCC_WARN_UNUSED_FUNCTION = YES;
				GCC_WARN_UNUSED_VARIABLE = YES;
				IPHONEOS_DEPLOYMENT_TARGET = 17.0;
				LOCALIZATION_PREFERS_STRING_CATALOGS = YES;
				MTL_ENABLE_DEBUG_INFO = INCLUDE_SOURCE;
				MTL_FAST_MATH = YES;
				ONLY_ACTIVE_ARCH = YES;
				SDKROOT = iphoneos;
				SWIFT_ACTIVE_COMPILATION_CONDITIONS = "DEBUG $(inherited)";
				SWIFT_OPTIMIZATION_LEVEL = "-Onone";
			};
			name = Debug;
		};
		042D2CF92BFBE61700B44346 /* Release */ = {
			isa = XCBuildConfiguration;
			buildSettings = {
				ALWAYS_SEARCH_USER_PATHS = NO;
				ASSETCATALOG_COMPILER_GENERATE_SWIFT_ASSET_SYMBOL_EXTENSIONS = YES;
				CLANG_ANALYZER_NONNULL = YES;
				CLANG_ANALYZER_NUMBER_OBJECT_CONVERSION = YES_AGGRESSIVE;
				CLANG_CXX_LANGUAGE_STANDARD = "gnu++20";
				CLANG_ENABLE_MODULES = YES;
				CLANG_ENABLE_OBJC_ARC = YES;
				CLANG_ENABLE_OBJC_WEAK = YES;
				CLANG_WARN_BLOCK_CAPTURE_AUTORELEASING = YES;
				CLANG_WARN_BOOL_CONVERSION = YES;
				CLANG_WARN_COMMA = YES;
				CLANG_WARN_CONSTANT_CONVERSION = YES;
				CLANG_WARN_DEPRECATED_OBJC_IMPLEMENTATIONS = YES;
				CLANG_WARN_DIRECT_OBJC_ISA_USAGE = YES_ERROR;
				CLANG_WARN_DOCUMENTATION_COMMENTS = YES;
				CLANG_WARN_EMPTY_BODY = YES;
				CLANG_WARN_ENUM_CONVERSION = YES;
				CLANG_WARN_INFINITE_RECURSION = YES;
				CLANG_WARN_INT_CONVERSION = YES;
				CLANG_WARN_NON_LITERAL_NULL_CONVERSION = YES;
				CLANG_WARN_OBJC_IMPLICIT_RETAIN_SELF = YES;
				CLANG_WARN_OBJC_LITERAL_CONVERSION = YES;
				CLANG_WARN_OBJC_ROOT_CLASS = YES_ERROR;
				CLANG_WARN_QUOTED_INCLUDE_IN_FRAMEWORK_HEADER = YES;
				CLANG_WARN_RANGE_LOOP_ANALYSIS = YES;
				CLANG_WARN_STRICT_PROTOTYPES = YES;
				CLANG_WARN_SUSPICIOUS_MOVE = YES;
				CLANG_WARN_UNGUARDED_AVAILABILITY = YES_AGGRESSIVE;
				CLANG_WARN_UNREACHABLE_CODE = YES;
				CLANG_WARN__DUPLICATE_METHOD_MATCH = YES;
				COPY_PHASE_STRIP = NO;
				DEBUG_INFORMATION_FORMAT = "dwarf-with-dsym";
				ENABLE_NS_ASSERTIONS = NO;
				ENABLE_STRICT_OBJC_MSGSEND = YES;
				ENABLE_USER_SCRIPT_SANDBOXING = YES;
				GCC_C_LANGUAGE_STANDARD = gnu17;
				GCC_NO_COMMON_BLOCKS = YES;
				GCC_WARN_64_TO_32_BIT_CONVERSION = YES;
				GCC_WARN_ABOUT_RETURN_TYPE = YES_ERROR;
				GCC_WARN_UNDECLARED_SELECTOR = YES;
				GCC_WARN_UNINITIALIZED_AUTOS = YES_AGGRESSIVE;
				GCC_WARN_UNUSED_FUNCTION = YES;
				GCC_WARN_UNUSED_VARIABLE = YES;
				IPHONEOS_DEPLOYMENT_TARGET = 17.0;
				LOCALIZATION_PREFERS_STRING_CATALOGS = YES;
				MTL_ENABLE_DEBUG_INFO = NO;
				MTL_FAST_MATH = YES;
				SDKROOT = iphoneos;
				SWIFT_COMPILATION_MODE = wholemodule;
				VALIDATE_PRODUCT = YES;
			};
			name = Release;
		};
		042D2CFB2BFBE61700B44346 /* Debug */ = {
			isa = XCBuildConfiguration;
			buildSettings = {
				ASSETCATALOG_COMPILER_APPICON_NAME = AppIcon;
				ASSETCATALOG_COMPILER_GLOBAL_ACCENT_COLOR_NAME = AccentColor;
				CODE_SIGN_STYLE = Automatic;
				CURRENT_PROJECT_VERSION = 1;
				DEVELOPMENT_ASSET_PATHS = "\"TMS-IOS-LESSON-44-HW/Preview Content\"";
				DEVELOPMENT_TEAM = N3LRJV66ML;
				ENABLE_PREVIEWS = YES;
				GENERATE_INFOPLIST_FILE = YES;
				INFOPLIST_KEY_UIApplicationSceneManifest_Generation = YES;
				INFOPLIST_KEY_UIApplicationSupportsIndirectInputEvents = YES;
				INFOPLIST_KEY_UILaunchScreen_Generation = YES;
				INFOPLIST_KEY_UISupportedInterfaceOrientations_iPad = "UIInterfaceOrientationPortrait UIInterfaceOrientationPortraitUpsideDown UIInterfaceOrientationLandscapeLeft UIInterfaceOrientationLandscapeRight";
				INFOPLIST_KEY_UISupportedInterfaceOrientations_iPhone = "UIInterfaceOrientationPortrait UIInterfaceOrientationLandscapeLeft UIInterfaceOrientationLandscapeRight";
				LD_RUNPATH_SEARCH_PATHS = (
					"$(inherited)",
					"@executable_path/Frameworks",
				);
				MARKETING_VERSION = 1.0;
				PRODUCT_BUNDLE_IDENTIFIER = "anton.kurdo.TMS-IOS-LESSON-44-HW";
				PRODUCT_NAME = "$(TARGET_NAME)";
				SWIFT_EMIT_LOC_STRINGS = YES;
				SWIFT_VERSION = 5.0;
				TARGETED_DEVICE_FAMILY = "1,2";
			};
			name = Debug;
		};
		042D2CFC2BFBE61700B44346 /* Release */ = {
			isa = XCBuildConfiguration;
			buildSettings = {
				ASSETCATALOG_COMPILER_APPICON_NAME = AppIcon;
				ASSETCATALOG_COMPILER_GLOBAL_ACCENT_COLOR_NAME = AccentColor;
				CODE_SIGN_STYLE = Automatic;
				CURRENT_PROJECT_VERSION = 1;
				DEVELOPMENT_ASSET_PATHS = "\"TMS-IOS-LESSON-44-HW/Preview Content\"";
				DEVELOPMENT_TEAM = N3LRJV66ML;
				ENABLE_PREVIEWS = YES;
				GENERATE_INFOPLIST_FILE = YES;
				INFOPLIST_KEY_UIApplicationSceneManifest_Generation = YES;
				INFOPLIST_KEY_UIApplicationSupportsIndirectInputEvents = YES;
				INFOPLIST_KEY_UILaunchScreen_Generation = YES;
				INFOPLIST_KEY_UISupportedInterfaceOrientations_iPad = "UIInterfaceOrientationPortrait UIInterfaceOrientationPortraitUpsideDown UIInterfaceOrientationLandscapeLeft UIInterfaceOrientationLandscapeRight";
				INFOPLIST_KEY_UISupportedInterfaceOrientations_iPhone = "UIInterfaceOrientationPortrait UIInterfaceOrientationLandscapeLeft UIInterfaceOrientationLandscapeRight";
				LD_RUNPATH_SEARCH_PATHS = (
					"$(inherited)",
					"@executable_path/Frameworks",
				);
				MARKETING_VERSION = 1.0;
				PRODUCT_BUNDLE_IDENTIFIER = "anton.kurdo.TMS-IOS-LESSON-44-HW";
				PRODUCT_NAME = "$(TARGET_NAME)";
				SWIFT_EMIT_LOC_STRINGS = YES;
				SWIFT_VERSION = 5.0;
				TARGETED_DEVICE_FAMILY = "1,2";
			};
			name = Release;
		};
/* End XCBuildConfiguration section */

/* Begin XCConfigurationList section */
		042D2CE72BFBE61500B44346 /* Build configuration list for PBXProject "TMS-IOS-LESSON-44-HW" */ = {
			isa = XCConfigurationList;
			buildConfigurations = (
				042D2CF82BFBE61700B44346 /* Debug */,
				042D2CF92BFBE61700B44346 /* Release */,
			);
			defaultConfigurationIsVisible = 0;
			defaultConfigurationName = Release;
		};
		042D2CFA2BFBE61700B44346 /* Build configuration list for PBXNativeTarget "TMS-IOS-LESSON-44-HW" */ = {
			isa = XCConfigurationList;
			buildConfigurations = (
				042D2CFB2BFBE61700B44346 /* Debug */,
				042D2CFC2BFBE61700B44346 /* Release */,
			);
			defaultConfigurationIsVisible = 0;
			defaultConfigurationName = Release;
		};
/* End XCConfigurationList section */

/* Begin XCRemoteSwiftPackageReference section */
		041290132BFE2FDA0009F139 /* XCRemoteSwiftPackageReference "realm-swift" */ = {
			isa = XCRemoteSwiftPackageReference;
			repositoryURL = "https://github.com/realm/realm-swift.git";
			requirement = {
				branch = master;
				kind = branch;
			};
		};
/* End XCRemoteSwiftPackageReference section */

/* Begin XCSwiftPackageProductDependency section */
		0412901B2BFE332D0009F139 /* RealmSwift */ = {
			isa = XCSwiftPackageProductDependency;
			package = 041290132BFE2FDA0009F139 /* XCRemoteSwiftPackageReference "realm-swift" */;
			productName = RealmSwift;
		};
		047F14862BFE5599008A9172 /* Realm */ = {
			isa = XCSwiftPackageProductDependency;
			package = 041290132BFE2FDA0009F139 /* XCRemoteSwiftPackageReference "realm-swift" */;
			productName = Realm;
		};
/* End XCSwiftPackageProductDependency section */
	};
	rootObject = 042D2CE42BFBE61500B44346 /* Project object */;
}
